// !$*UTF8*$!
{
	archiveVersion = 1;
	classes = {
	};
	objectVersion = 56;
	objects = {

/* Begin PBXBuildFile section */
		63C18EAF2A51966100E9EB07 /* AppDelegate.swift in Sources */ = {isa = PBXBuildFile; fileRef = 63C18EAE2A51966100E9EB07 /* AppDelegate.swift */; };
		63C18EB12A51966100E9EB07 /* SceneDelegate.swift in Sources */ = {isa = PBXBuildFile; fileRef = 63C18EB02A51966100E9EB07 /* SceneDelegate.swift */; };
		63C18EB32A51966100E9EB07 /* ViewController.swift in Sources */ = {isa = PBXBuildFile; fileRef = 63C18EB22A51966100E9EB07 /* ViewController.swift */; };
		63C18EB82A51966300E9EB07 /* Assets.xcassets in Resources */ = {isa = PBXBuildFile; fileRef = 63C18EB72A51966300E9EB07 /* Assets.xcassets */; };
		63C18EBB2A51966300E9EB07 /* LaunchScreen.storyboard in Resources */ = {isa = PBXBuildFile; fileRef = 63C18EB92A51966300E9EB07 /* LaunchScreen.storyboard */; };
		63C18EC62A51966300E9EB07 /* TaskListTests.swift in Sources */ = {isa = PBXBuildFile; fileRef = 63C18EC52A51966300E9EB07 /* TaskListTests.swift */; };
		63C18ED02A51966300E9EB07 /* TaskListUITests.swift in Sources */ = {isa = PBXBuildFile; fileRef = 63C18ECF2A51966300E9EB07 /* TaskListUITests.swift */; };
		63C18ED22A51966300E9EB07 /* TaskListUITestsLaunchTests.swift in Sources */ = {isa = PBXBuildFile; fileRef = 63C18ED12A51966300E9EB07 /* TaskListUITestsLaunchTests.swift */; };
		63C18EE02A51968F00E9EB07 /* SnapKit in Frameworks */ = {isa = PBXBuildFile; productRef = 63C18EDF2A51968F00E9EB07 /* SnapKit */; };
/* End PBXBuildFile section */

/* Begin PBXContainerItemProxy section */
		63C18EC22A51966300E9EB07 /* PBXContainerItemProxy */ = {
			isa = PBXContainerItemProxy;
			containerPortal = 63C18EA32A51966100E9EB07 /* Project object */;
			proxyType = 1;
			remoteGlobalIDString = 63C18EAA2A51966100E9EB07;
			remoteInfo = TaskList;
		};
		63C18ECC2A51966300E9EB07 /* PBXContainerItemProxy */ = {
			isa = PBXContainerItemProxy;
			containerPortal = 63C18EA32A51966100E9EB07 /* Project object */;
			proxyType = 1;
			remoteGlobalIDString = 63C18EAA2A51966100E9EB07;
			remoteInfo = TaskList;
		};
/* End PBXContainerItemProxy section */

/* Begin PBXFileReference section */
		63C18EAB2A51966100E9EB07 /* TaskList.app */ = {isa = PBXFileReference; explicitFileType = wrapper.application; includeInIndex = 0; path = TaskList.app; sourceTree = BUILT_PRODUCTS_DIR; };
		63C18EAE2A51966100E9EB07 /* AppDelegate.swift */ = {isa = PBXFileReference; lastKnownFileType = sourcecode.swift; path = AppDelegate.swift; sourceTree = "<group>"; };
		63C18EB02A51966100E9EB07 /* SceneDelegate.swift */ = {isa = PBXFileReference; lastKnownFileType = sourcecode.swift; path = SceneDelegate.swift; sourceTree = "<group>"; };
		63C18EB22A51966100E9EB07 /* ViewController.swift */ = {isa = PBXFileReference; lastKnownFileType = sourcecode.swift; path = ViewController.swift; sourceTree = "<group>"; };
		63C18EB72A51966300E9EB07 /* Assets.xcassets */ = {isa = PBXFileReference; lastKnownFileType = folder.assetcatalog; path = Assets.xcassets; sourceTree = "<group>"; };
		63C18EBA2A51966300E9EB07 /* Base */ = {isa = PBXFileReference; lastKnownFileType = file.storyboard; name = Base; path = Base.lproj/LaunchScreen.storyboard; sourceTree = "<group>"; };
		63C18EBC2A51966300E9EB07 /* Info.plist */ = {isa = PBXFileReference; lastKnownFileType = text.plist.xml; path = Info.plist; sourceTree = "<group>"; };
		63C18EC12A51966300E9EB07 /* TaskListTests.xctest */ = {isa = PBXFileReference; explicitFileType = wrapper.cfbundle; includeInIndex = 0; path = TaskListTests.xctest; sourceTree = BUILT_PRODUCTS_DIR; };
		63C18EC52A51966300E9EB07 /* TaskListTests.swift */ = {isa = PBXFileReference; lastKnownFileType = sourcecode.swift; path = TaskListTests.swift; sourceTree = "<group>"; };
		63C18ECB2A51966300E9EB07 /* TaskListUITests.xctest */ = {isa = PBXFileReference; explicitFileType = wrapper.cfbundle; includeInIndex = 0; path = TaskListUITests.xctest; sourceTree = BUILT_PRODUCTS_DIR; };
		63C18ECF2A51966300E9EB07 /* TaskListUITests.swift */ = {isa = PBXFileReference; lastKnownFileType = sourcecode.swift; path = TaskListUITests.swift; sourceTree = "<group>"; };
		63C18ED12A51966300E9EB07 /* TaskListUITestsLaunchTests.swift */ = {isa = PBXFileReference; lastKnownFileType = sourcecode.swift; path = TaskListUITestsLaunchTests.swift; sourceTree = "<group>"; };
/* End PBXFileReference section */

/* Begin PBXFrameworksBuildPhase section */
		63C18EA82A51966100E9EB07 /* Frameworks */ = {
			isa = PBXFrameworksBuildPhase;
			buildActionMask = 2147483647;
			files = (
				63C18EE02A51968F00E9EB07 /* SnapKit in Frameworks */,
			);
			runOnlyForDeploymentPostprocessing = 0;
		};
		63C18EBE2A51966300E9EB07 /* Frameworks */ = {
			isa = PBXFrameworksBuildPhase;
			buildActionMask = 2147483647;
			files = (
			);
			runOnlyForDeploymentPostprocessing = 0;
		};
		63C18EC82A51966300E9EB07 /* Frameworks */ = {
			isa = PBXFrameworksBuildPhase;
			buildActionMask = 2147483647;
			files = (
			);
			runOnlyForDeploymentPostprocessing = 0;
		};
/* End PBXFrameworksBuildPhase section */

/* Begin PBXGroup section */
		63C18EA22A51966100E9EB07 = {
			isa = PBXGroup;
			children = (
				63C18EAD2A51966100E9EB07 /* TaskList */,
				63C18EC42A51966300E9EB07 /* TaskListTests */,
				63C18ECE2A51966300E9EB07 /* TaskListUITests */,
				63C18EAC2A51966100E9EB07 /* Products */,
			);
			sourceTree = "<group>";
		};
		63C18EAC2A51966100E9EB07 /* Products */ = {
			isa = PBXGroup;
			children = (
				63C18EAB2A51966100E9EB07 /* TaskList.app */,
				63C18EC12A51966300E9EB07 /* TaskListTests.xctest */,
				63C18ECB2A51966300E9EB07 /* TaskListUITests.xctest */,
			);
			name = Products;
			sourceTree = "<group>";
		};
		63C18EAD2A51966100E9EB07 /* TaskList */ = {
			isa = PBXGroup;
			children = (
				63C18EAE2A51966100E9EB07 /* AppDelegate.swift */,
				63C18EB02A51966100E9EB07 /* SceneDelegate.swift */,
				63C18EB22A51966100E9EB07 /* ViewController.swift */,
				63C18EB72A51966300E9EB07 /* Assets.xcassets */,
				63C18EB92A51966300E9EB07 /* LaunchScreen.storyboard */,
				63C18EBC2A51966300E9EB07 /* Info.plist */,
			);
			path = TaskList;
			sourceTree = "<group>";
		};
		63C18EC42A51966300E9EB07 /* TaskListTests */ = {
			isa = PBXGroup;
			children = (
				63C18EC52A51966300E9EB07 /* TaskListTests.swift */,
			);
			path = TaskListTests;
			sourceTree = "<group>";
		};
		63C18ECE2A51966300E9EB07 /* TaskListUITests */ = {
			isa = PBXGroup;
			children = (
				63C18ECF2A51966300E9EB07 /* TaskListUITests.swift */,
				63C18ED12A51966300E9EB07 /* TaskListUITestsLaunchTests.swift */,
			);
			path = TaskListUITests;
			sourceTree = "<group>";
		};
/* End PBXGroup section */

/* Begin PBXNativeTarget section */
		63C18EAA2A51966100E9EB07 /* TaskList */ = {
			isa = PBXNativeTarget;
			buildConfigurationList = 63C18ED52A51966300E9EB07 /* Build configuration list for PBXNativeTarget "TaskList" */;
			buildPhases = (
				63C18EA72A51966100E9EB07 /* Sources */,
				63C18EA82A51966100E9EB07 /* Frameworks */,
				63C18EA92A51966100E9EB07 /* Resources */,
			);
			buildRules = (
			);
			dependencies = (
			);
			name = TaskList;
			packageProductDependencies = (
				63C18EDF2A51968F00E9EB07 /* SnapKit */,
			);
			productName = TaskList;
			productReference = 63C18EAB2A51966100E9EB07 /* TaskList.app */;
			productType = "com.apple.product-type.application";
		};
		63C18EC02A51966300E9EB07 /* TaskListTests */ = {
			isa = PBXNativeTarget;
			buildConfigurationList = 63C18ED82A51966300E9EB07 /* Build configuration list for PBXNativeTarget "TaskListTests" */;
			buildPhases = (
				63C18EBD2A51966300E9EB07 /* Sources */,
				63C18EBE2A51966300E9EB07 /* Frameworks */,
				63C18EBF2A51966300E9EB07 /* Resources */,
			);
			buildRules = (
			);
			dependencies = (
				63C18EC32A51966300E9EB07 /* PBXTargetDependency */,
			);
			name = TaskListTests;
			productName = TaskListTests;
			productReference = 63C18EC12A51966300E9EB07 /* TaskListTests.xctest */;
			productType = "com.apple.product-type.bundle.unit-test";
		};
		63C18ECA2A51966300E9EB07 /* TaskListUITests */ = {
			isa = PBXNativeTarget;
			buildConfigurationList = 63C18EDB2A51966300E9EB07 /* Build configuration list for PBXNativeTarget "TaskListUITests" */;
			buildPhases = (
				63C18EC72A51966300E9EB07 /* Sources */,
				63C18EC82A51966300E9EB07 /* Frameworks */,
				63C18EC92A51966300E9EB07 /* Resources */,
			);
			buildRules = (
			);
			dependencies = (
				63C18ECD2A51966300E9EB07 /* PBXTargetDependency */,
			);
			name = TaskListUITests;
			productName = TaskListUITests;
			productReference = 63C18ECB2A51966300E9EB07 /* TaskListUITests.xctest */;
			productType = "com.apple.product-type.bundle.ui-testing";
		};
/* End PBXNativeTarget section */

/* Begin PBXProject section */
		63C18EA32A51966100E9EB07 /* Project object */ = {
			isa = PBXProject;
			attributes = {
				BuildIndependentTargetsInParallel = 1;
				LastSwiftUpdateCheck = 1430;
				LastUpgradeCheck = 1430;
				TargetAttributes = {
					63C18EAA2A51966100E9EB07 = {
						CreatedOnToolsVersion = 14.3.1;
					};
					63C18EC02A51966300E9EB07 = {
						CreatedOnToolsVersion = 14.3.1;
						TestTargetID = 63C18EAA2A51966100E9EB07;
					};
					63C18ECA2A51966300E9EB07 = {
						CreatedOnToolsVersion = 14.3.1;
						TestTargetID = 63C18EAA2A51966100E9EB07;
					};
				};
			};
			buildConfigurationList = 63C18EA62A51966100E9EB07 /* Build configuration list for PBXProject "TaskList" */;
			compatibilityVersion = "Xcode 14.0";
			developmentRegion = en;
			hasScannedForEncodings = 0;
			knownRegions = (
				en,
				Base,
			);
			mainGroup = 63C18EA22A51966100E9EB07;
			packageReferences = (
				63C18EDE2A51968F00E9EB07 /* XCRemoteSwiftPackageReference "SnapKit" */,
			);
			productRefGroup = 63C18EAC2A51966100E9EB07 /* Products */;
			projectDirPath = "";
			projectRoot = "";
			targets = (
				63C18EAA2A51966100E9EB07 /* TaskList */,
				63C18EC02A51966300E9EB07 /* TaskListTests */,
				63C18ECA2A51966300E9EB07 /* TaskListUITests */,
			);
		};
/* End PBXProject section */

/* Begin PBXResourcesBuildPhase section */
		63C18EA92A51966100E9EB07 /* Resources */ = {
			isa = PBXResourcesBuildPhase;
			buildActionMask = 2147483647;
			files = (
				63C18EBB2A51966300E9EB07 /* LaunchScreen.storyboard in Resources */,
				63C18EB82A51966300E9EB07 /* Assets.xcassets in Resources */,
			);
			runOnlyForDeploymentPostprocessing = 0;
		};
		63C18EBF2A51966300E9EB07 /* Resources */ = {
			isa = PBXResourcesBuildPhase;
			buildActionMask = 2147483647;
			files = (
			);
			runOnlyForDeploymentPostprocessing = 0;
		};
		63C18EC92A51966300E9EB07 /* Resources */ = {
			isa = PBXResourcesBuildPhase;
			buildActionMask = 2147483647;
			files = (
			);
			runOnlyForDeploymentPostprocessing = 0;
		};
/* End PBXResourcesBuildPhase section */

/* Begin PBXSourcesBuildPhase section */
		63C18EA72A51966100E9EB07 /* Sources */ = {
			isa = PBXSourcesBuildPhase;
			buildActionMask = 2147483647;
			files = (
				63C18EB32A51966100E9EB07 /* ViewController.swift in Sources */,
				63C18EAF2A51966100E9EB07 /* AppDelegate.swift in Sources */,
				63C18EB12A51966100E9EB07 /* SceneDelegate.swift in Sources */,
			);
			runOnlyForDeploymentPostprocessing = 0;
		};
		63C18EBD2A51966300E9EB07 /* Sources */ = {
			isa = PBXSourcesBuildPhase;
			buildActionMask = 2147483647;
			files = (
				63C18EC62A51966300E9EB07 /* TaskListTests.swift in Sources */,
			);
			runOnlyForDeploymentPostprocessing = 0;
		};
		63C18EC72A51966300E9EB07 /* Sources */ = {
			isa = PBXSourcesBuildPhase;
			buildActionMask = 2147483647;
			files = (
				63C18ED22A51966300E9EB07 /* TaskListUITestsLaunchTests.swift in Sources */,
				63C18ED02A51966300E9EB07 /* TaskListUITests.swift in Sources */,
			);
			runOnlyForDeploymentPostprocessing = 0;
		};
/* End PBXSourcesBuildPhase section */

/* Begin PBXTargetDependency section */
		63C18EC32A51966300E9EB07 /* PBXTargetDependency */ = {
			isa = PBXTargetDependency;
			target = 63C18EAA2A51966100E9EB07 /* TaskList */;
			targetProxy = 63C18EC22A51966300E9EB07 /* PBXContainerItemProxy */;
		};
		63C18ECD2A51966300E9EB07 /* PBXTargetDependency */ = {
			isa = PBXTargetDependency;
			target = 63C18EAA2A51966100E9EB07 /* TaskList */;
			targetProxy = 63C18ECC2A51966300E9EB07 /* PBXContainerItemProxy */;
		};
/* End PBXTargetDependency section */

/* Begin PBXVariantGroup section */
		63C18EB92A51966300E9EB07 /* LaunchScreen.storyboard */ = {
			isa = PBXVariantGroup;
			children = (
				63C18EBA2A51966300E9EB07 /* Base */,
			);
			name = LaunchScreen.storyboard;
			sourceTree = "<group>";
		};
/* End PBXVariantGroup section */

/* Begin XCBuildConfiguration section */
		63C18ED32A51966300E9EB07 /* Debug */ = {
			isa = XCBuildConfiguration;
			buildSettings = {
				ALWAYS_SEARCH_USER_PATHS = NO;
				CLANG_ANALYZER_NONNULL = YES;
				CLANG_ANALYZER_NUMBER_OBJECT_CONVERSION = YES_AGGRESSIVE;
				CLANG_CXX_LANGUAGE_STANDARD = "gnu++20";
				CLANG_ENABLE_MODULES = YES;
				CLANG_ENABLE_OBJC_ARC = YES;
				CLANG_ENABLE_OBJC_WEAK = YES;
				CLANG_WARN_BLOCK_CAPTURE_AUTORELEASING = YES;
				CLANG_WARN_BOOL_CONVERSION = YES;
				CLANG_WARN_COMMA = YES;
				CLANG_WARN_CONSTANT_CONVERSION = YES;
				CLANG_WARN_DEPRECATED_OBJC_IMPLEMENTATIONS = YES;
				CLANG_WARN_DIRECT_OBJC_ISA_USAGE = YES_ERROR;
				CLANG_WARN_DOCUMENTATION_COMMENTS = YES;
				CLANG_WARN_EMPTY_BODY = YES;
				CLANG_WARN_ENUM_CONVERSION = YES;
				CLANG_WARN_INFINITE_RECURSION = YES;
				CLANG_WARN_INT_CONVERSION = YES;
				CLANG_WARN_NON_LITERAL_NULL_CONVERSION = YES;
				CLANG_WARN_OBJC_IMPLICIT_RETAIN_SELF = YES;
				CLANG_WARN_OBJC_LITERAL_CONVERSION = YES;
				CLANG_WARN_OBJC_ROOT_CLASS = YES_ERROR;
				CLANG_WARN_QUOTED_INCLUDE_IN_FRAMEWORK_HEADER = YES;
				CLANG_WARN_RANGE_LOOP_ANALYSIS = YES;
				CLANG_WARN_STRICT_PROTOTYPES = YES;
				CLANG_WARN_SUSPICIOUS_MOVE = YES;
				CLANG_WARN_UNGUARDED_AVAILABILITY = YES_AGGRESSIVE;
				CLANG_WARN_UNREACHABLE_CODE = YES;
				CLANG_WARN__DUPLICATE_METHOD_MATCH = YES;
				COPY_PHASE_STRIP = NO;
				DEBUG_INFORMATION_FORMAT = dwarf;
				ENABLE_STRICT_OBJC_MSGSEND = YES;
				ENABLE_TESTABILITY = YES;
				GCC_C_LANGUAGE_STANDARD = gnu11;
				GCC_DYNAMIC_NO_PIC = NO;
				GCC_NO_COMMON_BLOCKS = YES;
				GCC_OPTIMIZATION_LEVEL = 0;
				GCC_PREPROCESSOR_DEFINITIONS = (
					"DEBUG=1",
					"$(inherited)",
				);
				GCC_WARN_64_TO_32_BIT_CONVERSION = YES;
				GCC_WARN_ABOUT_RETURN_TYPE = YES_ERROR;
				GCC_WARN_UNDECLARED_SELECTOR = YES;
				GCC_WARN_UNINITIALIZED_AUTOS = YES_AGGRESSIVE;
				GCC_WARN_UNUSED_FUNCTION = YES;
				GCC_WARN_UNUSED_VARIABLE = YES;
				IPHONEOS_DEPLOYMENT_TARGET = 16.4;
				MTL_ENABLE_DEBUG_INFO = INCLUDE_SOURCE;
				MTL_FAST_MATH = YES;
				ONLY_ACTIVE_ARCH = YES;
				SDKROOT = iphoneos;
				SWIFT_ACTIVE_COMPILATION_CONDITIONS = DEBUG;
				SWIFT_OPTIMIZATION_LEVEL = "-Onone";
			};
			name = Debug;
		};
		63C18ED42A51966300E9EB07 /* Release */ = {
			isa = XCBuildConfiguration;
			buildSettings = {
				ALWAYS_SEARCH_USER_PATHS = NO;
				CLANG_ANALYZER_NONNULL = YES;
				CLANG_ANALYZER_NUMBER_OBJECT_CONVERSION = YES_AGGRESSIVE;
				CLANG_CXX_LANGUAGE_STANDARD = "gnu++20";
				CLANG_ENABLE_MODULES = YES;
				CLANG_ENABLE_OBJC_ARC = YES;
				CLANG_ENABLE_OBJC_WEAK = YES;
				CLANG_WARN_BLOCK_CAPTURE_AUTORELEASING = YES;
				CLANG_WARN_BOOL_CONVERSION = YES;
				CLANG_WARN_COMMA = YES;
				CLANG_WARN_CONSTANT_CONVERSION = YES;
				CLANG_WARN_DEPRECATED_OBJC_IMPLEMENTATIONS = YES;
				CLANG_WARN_DIRECT_OBJC_ISA_USAGE = YES_ERROR;
				CLANG_WARN_DOCUMENTATION_COMMENTS = YES;
				CLANG_WARN_EMPTY_BODY = YES;
				CLANG_WARN_ENUM_CONVERSION = YES;
				CLANG_WARN_INFINITE_RECURSION = YES;
				CLANG_WARN_INT_CONVERSION = YES;
				CLANG_WARN_NON_LITERAL_NULL_CONVERSION = YES;
				CLANG_WARN_OBJC_IMPLICIT_RETAIN_SELF = YES;
				CLANG_WARN_OBJC_LITERAL_CONVERSION = YES;
				CLANG_WARN_OBJC_ROOT_CLASS = YES_ERROR;
				CLANG_WARN_QUOTED_INCLUDE_IN_FRAMEWORK_HEADER = YES;
				CLANG_WARN_RANGE_LOOP_ANALYSIS = YES;
				CLANG_WARN_STRICT_PROTOTYPES = YES;
				CLANG_WARN_SUSPICIOUS_MOVE = YES;
				CLANG_WARN_UNGUARDED_AVAILABILITY = YES_AGGRESSIVE;
				CLANG_WARN_UNREACHABLE_CODE = YES;
				CLANG_WARN__DUPLICATE_METHOD_MATCH = YES;
				COPY_PHASE_STRIP = NO;
				DEBUG_INFORMATION_FORMAT = "dwarf-with-dsym";
				ENABLE_NS_ASSERTIONS = NO;
				ENABLE_STRICT_OBJC_MSGSEND = YES;
				GCC_C_LANGUAGE_STANDARD = gnu11;
				GCC_NO_COMMON_BLOCKS = YES;
				GCC_WARN_64_TO_32_BIT_CONVERSION = YES;
				GCC_WARN_ABOUT_RETURN_TYPE = YES_ERROR;
				GCC_WARN_UNDECLARED_SELECTOR = YES;
				GCC_WARN_UNINITIALIZED_AUTOS = YES_AGGRESSIVE;
				GCC_WARN_UNUSED_FUNCTION = YES;
				GCC_WARN_UNUSED_VARIABLE = YES;
				IPHONEOS_DEPLOYMENT_TARGET = 16.4;
				MTL_ENABLE_DEBUG_INFO = NO;
				MTL_FAST_MATH = YES;
				SDKROOT = iphoneos;
				SWIFT_COMPILATION_MODE = wholemodule;
				SWIFT_OPTIMIZATION_LEVEL = "-O";
				VALIDATE_PRODUCT = YES;
			};
			name = Release;
		};
		63C18ED62A51966300E9EB07 /* Debug */ = {
			isa = XCBuildConfiguration;
			buildSettings = {
				ASSETCATALOG_COMPILER_APPICON_NAME = AppIcon;
				ASSETCATALOG_COMPILER_GLOBAL_ACCENT_COLOR_NAME = AccentColor;
				CODE_SIGN_STYLE = Automatic;
				CURRENT_PROJECT_VERSION = 1;
				GENERATE_INFOPLIST_FILE = YES;
				INFOPLIST_FILE = TaskList/Info.plist;
				INFOPLIST_KEY_UIApplicationSupportsIndirectInputEvents = YES;
				INFOPLIST_KEY_UILaunchStoryboardName = LaunchScreen;
				INFOPLIST_KEY_UISupportedInterfaceOrientations_iPad = "UIInterfaceOrientationPortrait UIInterfaceOrientationPortraitUpsideDown UIInterfaceOrientationLandscapeLeft UIInterfaceOrientationLandscapeRight";
				INFOPLIST_KEY_UISupportedInterfaceOrientations_iPhone = "UIInterfaceOrientationPortrait UIInterfaceOrientationLandscapeLeft UIInterfaceOrientationLandscapeRight";
				LD_RUNPATH_SEARCH_PATHS = (
					"$(inherited)",
					"@executable_path/Frameworks",
				);
				MARKETING_VERSION = 1.0;
				PRODUCT_BUNDLE_IDENTIFIER = justcode.TaskList;
				PRODUCT_NAME = "$(TARGET_NAME)";
				SWIFT_EMIT_LOC_STRINGS = YES;
				SWIFT_VERSION = 5.0;
				TARGETED_DEVICE_FAMILY = "1,2";
			};
			name = Debug;
		};
		63C18ED72A51966300E9EB07 /* Release */ = {
			isa = XCBuildConfiguration;
			buildSettings = {
				ASSETCATALOG_COMPILER_APPICON_NAME = AppIcon;
				ASSETCATALOG_COMPILER_GLOBAL_ACCENT_COLOR_NAME = AccentColor;
				CODE_SIGN_STYLE = Automatic;
				CURRENT_PROJECT_VERSION = 1;
				GENERATE_INFOPLIST_FILE = YES;
				INFOPLIST_FILE = TaskList/Info.plist;
				INFOPLIST_KEY_UIApplicationSupportsIndirectInputEvents = YES;
				INFOPLIST_KEY_UILaunchStoryboardName = LaunchScreen;
				INFOPLIST_KEY_UISupportedInterfaceOrientations_iPad = "UIInterfaceOrientationPortrait UIInterfaceOrientationPortraitUpsideDown UIInterfaceOrientationLandscapeLeft UIInterfaceOrientationLandscapeRight";
				INFOPLIST_KEY_UISupportedInterfaceOrientations_iPhone = "UIInterfaceOrientationPortrait UIInterfaceOrientationLandscapeLeft UIInterfaceOrientationLandscapeRight";
				LD_RUNPATH_SEARCH_PATHS = (
					"$(inherited)",
					"@executable_path/Frameworks",
				);
				MARKETING_VERSION = 1.0;
				PRODUCT_BUNDLE_IDENTIFIER = justcode.TaskList;
				PRODUCT_NAME = "$(TARGET_NAME)";
				SWIFT_EMIT_LOC_STRINGS = YES;
				SWIFT_VERSION = 5.0;
				TARGETED_DEVICE_FAMILY = "1,2";
			};
			name = Release;
		};
		63C18ED92A51966300E9EB07 /* Debug */ = {
			isa = XCBuildConfiguration;
			buildSettings = {
				ALWAYS_EMBED_SWIFT_STANDARD_LIBRARIES = YES;
				BUNDLE_LOADER = "$(TEST_HOST)";
				CODE_SIGN_STYLE = Automatic;
				CURRENT_PROJECT_VERSION = 1;
				GENERATE_INFOPLIST_FILE = YES;
				IPHONEOS_DEPLOYMENT_TARGET = 16.4;
				MARKETING_VERSION = 1.0;
				PRODUCT_BUNDLE_IDENTIFIER = justcode.TaskListTests;
				PRODUCT_NAME = "$(TARGET_NAME)";
				SWIFT_EMIT_LOC_STRINGS = NO;
				SWIFT_VERSION = 5.0;
				TARGETED_DEVICE_FAMILY = "1,2";
				TEST_HOST = "$(BUILT_PRODUCTS_DIR)/TaskList.app/$(BUNDLE_EXECUTABLE_FOLDER_PATH)/TaskList";
			};
			name = Debug;
		};
		63C18EDA2A51966300E9EB07 /* Release */ = {
			isa = XCBuildConfiguration;
			buildSettings = {
				ALWAYS_EMBED_SWIFT_STANDARD_LIBRARIES = YES;
				BUNDLE_LOADER = "$(TEST_HOST)";
				CODE_SIGN_STYLE = Automatic;
				CURRENT_PROJECT_VERSION = 1;
				GENERATE_INFOPLIST_FILE = YES;
				IPHONEOS_DEPLOYMENT_TARGET = 16.4;
				MARKETING_VERSION = 1.0;
				PRODUCT_BUNDLE_IDENTIFIER = justcode.TaskListTests;
				PRODUCT_NAME = "$(TARGET_NAME)";
				SWIFT_EMIT_LOC_STRINGS = NO;
				SWIFT_VERSION = 5.0;
				TARGETED_DEVICE_FAMILY = "1,2";
				TEST_HOST = "$(BUILT_PRODUCTS_DIR)/TaskList.app/$(BUNDLE_EXECUTABLE_FOLDER_PATH)/TaskList";
			};
			name = Release;
		};
		63C18EDC2A51966300E9EB07 /* Debug */ = {
			isa = XCBuildConfiguration;
			buildSettings = {
				ALWAYS_EMBED_SWIFT_STANDARD_LIBRARIES = YES;
				CODE_SIGN_STYLE = Automatic;
				CURRENT_PROJECT_VERSION = 1;
				GENERATE_INFOPLIST_FILE = YES;
				MARKETING_VERSION = 1.0;
				PRODUCT_BUNDLE_IDENTIFIER = justcode.TaskListUITests;
				PRODUCT_NAME = "$(TARGET_NAME)";
				SWIFT_EMIT_LOC_STRINGS = NO;
				SWIFT_VERSION = 5.0;
				TARGETED_DEVICE_FAMILY = "1,2";
				TEST_TARGET_NAME = TaskList;
			};
			name = Debug;
		};
		63C18EDD2A51966300E9EB07 /* Release */ = {
			isa = XCBuildConfiguration;
			buildSettings = {
				ALWAYS_EMBED_SWIFT_STANDARD_LIBRARIES = YES;
				CODE_SIGN_STYLE = Automatic;
				CURRENT_PROJECT_VERSION = 1;
				GENERATE_INFOPLIST_FILE = YES;
				MARKETING_VERSION = 1.0;
				PRODUCT_BUNDLE_IDENTIFIER = justcode.TaskListUITests;
				PRODUCT_NAME = "$(TARGET_NAME)";
				SWIFT_EMIT_LOC_STRINGS = NO;
				SWIFT_VERSION = 5.0;
				TARGETED_DEVICE_FAMILY = "1,2";
				TEST_TARGET_NAME = TaskList;
			};
			name = Release;
		};
/* End XCBuildConfiguration section */

/* Begin XCConfigurationList section */
		63C18EA62A51966100E9EB07 /* Build configuration list for PBXProject "TaskList" */ = {
			isa = XCConfigurationList;
			buildConfigurations = (
				63C18ED32A51966300E9EB07 /* Debug */,
				63C18ED42A51966300E9EB07 /* Release */,
			);
			defaultConfigurationIsVisible = 0;
			defaultConfigurationName = Release;
		};
		63C18ED52A51966300E9EB07 /* Build configuration list for PBXNativeTarget "TaskList" */ = {
			isa = XCConfigurationList;
			buildConfigurations = (
				63C18ED62A51966300E9EB07 /* Debug */,
				63C18ED72A51966300E9EB07 /* Release */,
			);
			defaultConfigurationIsVisible = 0;
			defaultConfigurationName = Release;
		};
		63C18ED82A51966300E9EB07 /* Build configuration list for PBXNativeTarget "TaskListTests" */ = {
			isa = XCConfigurationList;
			buildConfigurations = (
				63C18ED92A51966300E9EB07 /* Debug */,
				63C18EDA2A51966300E9EB07 /* Release */,
			);
			defaultConfigurationIsVisible = 0;
			defaultConfigurationName = Release;
		};
		63C18EDB2A51966300E9EB07 /* Build configuration list for PBXNativeTarget "TaskListUITests" */ = {
			isa = XCConfigurationList;
			buildConfigurations = (
				63C18EDC2A51966300E9EB07 /* Debug */,
				63C18EDD2A51966300E9EB07 /* Release */,
			);
			defaultConfigurationIsVisible = 0;
			defaultConfigurationName = Release;
		};
/* End XCConfigurationList section */

/* Begin XCRemoteSwiftPackageReference section */
		63C18EDE2A51968F00E9EB07 /* XCRemoteSwiftPackageReference "SnapKit" */ = {
			isa = XCRemoteSwiftPackageReference;
			repositoryURL = "https://github.com/SnapKit/SnapKit.git";
			requirement = {
				kind = upToNextMajorVersion;
				minimumVersion = 5.0.0;
			};
		};
/* End XCRemoteSwiftPackageReference section */

/* Begin XCSwiftPackageProductDependency section */
		63C18EDF2A51968F00E9EB07 /* SnapKit */ = {
			isa = XCSwiftPackageProductDependency;
			package = 63C18EDE2A51968F00E9EB07 /* XCRemoteSwiftPackageReference "SnapKit" */;
			productName = SnapKit;
		};
/* End XCSwiftPackageProductDependency section */
	};
	rootObject = 63C18EA32A51966100E9EB07 /* Project object */;
}
